
Microsoft Visual Studio Solution File, Format Version 12.00
# Visual Studio Version 16
VisualStudioVersion = 16.0.29709.97
MinimumVisualStudioVersion = 10.0.40219.1
Project("{FAE04EC0-301F-11D3-BF4B-00C04F79EFBC}") = "UnofficialCrusaderPatch", "UnofficialCrusaderPatch\UnofficialCrusaderPatch.csproj", "{53FFBF10-68B1-474F-BD93-903195B2A14C}"
EndProject
Project("{FAE04EC0-301F-11D3-BF4B-00C04F79EFBC}") = "CodeBlox", "CodeBlox\CodeBlox.csproj", "{7DEF41CF-C827-4E8F-8243-E600AF1651C0}"
EndProject
Project("{FAE04EC0-301F-11D3-BF4B-00C04F79EFBC}") = "IDAParser", "IDAParser\IDAParser.csproj", "{0A526306-B374-43C4-BC10-102CD6A242E1}"
EndProject
Project("{FAE04EC0-301F-11D3-BF4B-00C04F79EFBC}") = "AICUpdater", "AICUpdater\AICUpdater.csproj", "{44C20962-0F8D-4582-95A1-0ECBA7AABF0A}"
EndProject
Global
	GlobalSection(SolutionConfigurationPlatforms) = preSolution
		Debug|Any CPU = Debug|Any CPU
		Release|Any CPU = Release|Any CPU
	EndGlobalSection
	GlobalSection(ProjectConfigurationPlatforms) = postSolution
		{53FFBF10-68B1-474F-BD93-903195B2A14C}.Debug|Any CPU.ActiveCfg = Debug|Any CPU
		{53FFBF10-68B1-474F-BD93-903195B2A14C}.Debug|Any CPU.Build.0 = Debug|Any CPU
		{53FFBF10-68B1-474F-BD93-903195B2A14C}.Release|Any CPU.ActiveCfg = Release|Any CPU
		{53FFBF10-68B1-474F-BD93-903195B2A14C}.Release|Any CPU.Build.0 = Release|Any CPU
		{7DEF41CF-C827-4E8F-8243-E600AF1651C0}.Debug|Any CPU.ActiveCfg = Debug|Any CPU
		{7DEF41CF-C827-4E8F-8243-E600AF1651C0}.Debug|Any CPU.Build.0 = Debug|Any CPU
		{7DEF41CF-C827-4E8F-8243-E600AF1651C0}.Release|Any CPU.ActiveCfg = Release|Any CPU
		{7DEF41CF-C827-4E8F-8243-E600AF1651C0}.Release|Any CPU.Build.0 = Release|Any CPU
		{0A526306-B374-43C4-BC10-102CD6A242E1}.Debug|Any CPU.ActiveCfg = Debug|Any CPU
		{0A526306-B374-43C4-BC10-102CD6A242E1}.Debug|Any CPU.Build.0 = Debug|Any CPU
		{0A526306-B374-43C4-BC10-102CD6A242E1}.Release|Any CPU.ActiveCfg = Release|Any CPU
		{0A526306-B374-43C4-BC10-102CD6A242E1}.Release|Any CPU.Build.0 = Release|Any CPU
		{44C20962-0F8D-4582-95A1-0ECBA7AABF0A}.Debug|Any CPU.ActiveCfg = Debug|Any CPU
		{44C20962-0F8D-4582-95A1-0ECBA7AABF0A}.Debug|Any CPU.Build.0 = Debug|Any CPU
		{44C20962-0F8D-4582-95A1-0ECBA7AABF0A}.Release|Any CPU.ActiveCfg = Release|Any CPU
		{44C20962-0F8D-4582-95A1-0ECBA7AABF0A}.Release|Any CPU.Build.0 = Release|Any CPU
	EndGlobalSection
	GlobalSection(SolutionProperties) = preSolution
		HideSolutionNode = FALSE
	EndGlobalSection
	GlobalSection(ExtensibilityGlobals) = postSolution
		SolutionGuid = {CEAB62C1-5923-4908-9966-BB305AB72173}
	EndGlobalSection
EndGlobal
